
Microsoft Visual Studio Solution File, Format Version 12.00
# Visual Studio Version 16
VisualStudioVersion = 16.0.31624.102
MinimumVisualStudioVersion = 10.0.40219.1
Project("{FAE04EC0-301F-11D3-BF4B-00C04F79EFBC}") = "laba6", "laba6\laba6.csproj", "{CF70C7F3-B35C-4D44-8605-564885203FAF}"
EndProject
Global
	GlobalSection(SolutionConfigurationPlatforms) = preSolution
		Debug|Any CPU = Debug|Any CPU
		Release|Any CPU = Release|Any CPU
	EndGlobalSection
	GlobalSection(ProjectConfigurationPlatforms) = postSolution
		{CF70C7F3-B35C-4D44-8605-564885203FAF}.Debug|Any CPU.ActiveCfg = Debug|Any CPU
		{CF70C7F3-B35C-4D44-8605-564885203FAF}.Debug|Any CPU.Build.0 = Debug|Any CPU
		{CF70C7F3-B35C-4D44-8605-564885203FAF}.Release|Any CPU.ActiveCfg = Release|Any CPU
		{CF70C7F3-B35C-4D44-8605-564885203FAF}.Release|Any CPU.Build.0 = Release|Any CPU
	EndGlobalSection
	GlobalSection(SolutionProperties) = preSolution
		HideSolutionNode = FALSE
	EndGlobalSection
	GlobalSection(ExtensibilityGlobals) = postSolution
		SolutionGuid = {1E27F055-3D9F-4C3E-9D17-59BAC5C9B56E}
	EndGlobalSection
EndGlobal
